{
  "name": "gas",
  "version": "1.0.0",
  "lockfileVersion": 3,
  "requires": true,
  "packages": {
    "": {
      "name": "gas",
      "version": "1.0.0",
      "license": "ISC",
      "dependencies": {
        "@fancyapps/ui": "^5.0.1",
        "jquery": "^3.6.3"
      }
    },
    "node_modules/@fancyapps/ui": {
      "version": "5.0.3",
      "resolved": "https://registry.npmjs.org/@fancyapps/ui/-/ui-5.0.3.tgz",
      "integrity": "sha512-l0xKw7hBR2lD7BXYH6q5QAnFK97X+CUSzigVhvenhkvvB9ei9Cq6hAOLfj2MsGU9VK8443o4UvkeAGkt3XqtNA=="
    },
    "node_modules/jquery": {
      "version": "3.6.3",
      "resolved": "https://registry.npmjs.org/jquery/-/jquery-3.6.3.tgz",
      "integrity": "sha512-bZ5Sy3YzKo9Fyc8wH2iIQK4JImJ6R0GWI9kL1/k7Z91ZBNgkRXE6U0JfHIizZbort8ZunhSI3jw9I6253ahKfg=="
    }
  }
}
